
Microsoft Visual Studio Solution File, Format Version 12.00
Project("{FAE04EC0-301F-11D3-BF4B-00C04F79EFBC}") = "NuGetSample", "NuGetSample\NuGetSample.csproj", "{31E1DCB3-867D-43AA-B450-FD35D38B8470}"
EndProject
Project("{FAE04EC0-301F-11D3-BF4B-00C04F79EFBC}") = "NuGetSampleTest", "NuGetSampleTest\NuGetSampleTest.csproj", "{4D4B1761-E725-423F-A31D-028905B4D693}"
EndProject
Global
	GlobalSection(SolutionConfigurationPlatforms) = preSolution
		Debug|Any CPU = Debug|Any CPU
		Release|Any CPU = Release|Any CPU
	EndGlobalSection
	GlobalSection(ProjectConfigurationPlatforms) = postSolution
		{31E1DCB3-867D-43AA-B450-FD35D38B8470}.Debug|Any CPU.ActiveCfg = Debug|Any CPU
		{31E1DCB3-867D-43AA-B450-FD35D38B8470}.Debug|Any CPU.Build.0 = Debug|Any CPU
		{31E1DCB3-867D-43AA-B450-FD35D38B8470}.Release|Any CPU.ActiveCfg = Release|Any CPU
		{31E1DCB3-867D-43AA-B450-FD35D38B8470}.Release|Any CPU.Build.0 = Release|Any CPU
		{4D4B1761-E725-423F-A31D-028905B4D693}.Debug|Any CPU.ActiveCfg = Debug|Any CPU
		{4D4B1761-E725-423F-A31D-028905B4D693}.Debug|Any CPU.Build.0 = Debug|Any CPU
		{4D4B1761-E725-423F-A31D-028905B4D693}.Release|Any CPU.ActiveCfg = Release|Any CPU
		{4D4B1761-E725-423F-A31D-028905B4D693}.Release|Any CPU.Build.0 = Release|Any CPU
	EndGlobalSection
EndGlobal
